
Microsoft Visual Studio Solution File, Format Version 12.00
# Visual Studio Version 17
VisualStudioVersion = 17.9.34622.214
MinimumVisualStudioVersion = 10.0.40219.1
Project("{9A19103F-16F7-4668-BE54-9A1E7A4F7556}") = "WCup_Data", "WCup_Data\WCup_Data.csproj", "{7111C968-833F-4AF7-9AE4-5B7441BFD3A3}"
EndProject
Project("{9A19103F-16F7-4668-BE54-9A1E7A4F7556}") = "Test", "Test\Test.csproj", "{2F7C9AB4-91E8-4D8E-BDD3-4F5698922993}"
EndProject
Project("{9A19103F-16F7-4668-BE54-9A1E7A4F7556}") = "WCup_Forms", "WCup_Forms\WCup_Forms.csproj", "{76B30A06-507F-495A-8E76-F60EC3F02166}"
EndProject
Project("{9A19103F-16F7-4668-BE54-9A1E7A4F7556}") = "WCup_WPF", "WCup_WPF\WCup_WPF.csproj", "{20F8B25F-1832-45C2-BD00-CAB6778E3876}"
EndProject
Global
	GlobalSection(SolutionConfigurationPlatforms) = preSolution
		Debug|Any CPU = Debug|Any CPU
		Release|Any CPU = Release|Any CPU
	EndGlobalSection
	GlobalSection(ProjectConfigurationPlatforms) = postSolution
		{7111C968-833F-4AF7-9AE4-5B7441BFD3A3}.Debug|Any CPU.ActiveCfg = Debug|Any CPU
		{7111C968-833F-4AF7-9AE4-5B7441BFD3A3}.Debug|Any CPU.Build.0 = Debug|Any CPU
		{7111C968-833F-4AF7-9AE4-5B7441BFD3A3}.Release|Any CPU.ActiveCfg = Release|Any CPU
		{7111C968-833F-4AF7-9AE4-5B7441BFD3A3}.Release|Any CPU.Build.0 = Release|Any CPU
		{2F7C9AB4-91E8-4D8E-BDD3-4F5698922993}.Debug|Any CPU.ActiveCfg = Debug|Any CPU
		{2F7C9AB4-91E8-4D8E-BDD3-4F5698922993}.Debug|Any CPU.Build.0 = Debug|Any CPU
		{2F7C9AB4-91E8-4D8E-BDD3-4F5698922993}.Release|Any CPU.ActiveCfg = Release|Any CPU
		{2F7C9AB4-91E8-4D8E-BDD3-4F5698922993}.Release|Any CPU.Build.0 = Release|Any CPU
		{76B30A06-507F-495A-8E76-F60EC3F02166}.Debug|Any CPU.ActiveCfg = Debug|Any CPU
		{76B30A06-507F-495A-8E76-F60EC3F02166}.Debug|Any CPU.Build.0 = Debug|Any CPU
		{76B30A06-507F-495A-8E76-F60EC3F02166}.Release|Any CPU.ActiveCfg = Release|Any CPU
		{76B30A06-507F-495A-8E76-F60EC3F02166}.Release|Any CPU.Build.0 = Release|Any CPU
		{20F8B25F-1832-45C2-BD00-CAB6778E3876}.Debug|Any CPU.ActiveCfg = Debug|Any CPU
		{20F8B25F-1832-45C2-BD00-CAB6778E3876}.Debug|Any CPU.Build.0 = Debug|Any CPU
		{20F8B25F-1832-45C2-BD00-CAB6778E3876}.Release|Any CPU.ActiveCfg = Release|Any CPU
		{20F8B25F-1832-45C2-BD00-CAB6778E3876}.Release|Any CPU.Build.0 = Release|Any CPU
	EndGlobalSection
	GlobalSection(SolutionProperties) = preSolution
		HideSolutionNode = FALSE
	EndGlobalSection
	GlobalSection(ExtensibilityGlobals) = postSolution
		SolutionGuid = {4B0D639A-42AD-451D-A30F-5A103654DD6E}
	EndGlobalSection
EndGlobal
